
Microsoft Visual Studio Solution File, Format Version 12.00
# Visual Studio 15
Project("{8BC9CEB8-8B4A-11D0-8D11-00A0C91BC942}") = "DiamondGraphicsEngine", "projects\DiamondGraphicsEngine.vcxproj", "{483A756A-B4A6-3065-7D9A-C8C2E9C552CD}"
EndProject
Global
	GlobalSection(SolutionConfigurationPlatforms) = preSolution
		Debug|Win32 = Debug|Win32
		Release|Win32 = Release|Win32
	EndGlobalSection
	GlobalSection(ProjectConfigurationPlatforms) = postSolution
		{483A756A-B4A6-3065-7D9A-C8C2E9C552CD}.Debug|Win32.ActiveCfg = Debug|Win32
		{483A756A-B4A6-3065-7D9A-C8C2E9C552CD}.Debug|Win32.Build.0 = Debug|Win32
		{483A756A-B4A6-3065-7D9A-C8C2E9C552CD}.Release|Win32.ActiveCfg = Release|Win32
		{483A756A-B4A6-3065-7D9A-C8C2E9C552CD}.Release|Win32.Build.0 = Release|Win32
	EndGlobalSection
	GlobalSection(SolutionProperties) = preSolution
		HideSolutionNode = FALSE
	EndGlobalSection
EndGlobal
